
Microsoft Visual Studio Solution File, Format Version 12.00
# Visual Studio 2013
VisualStudioVersion = 12.0.30501.0
MinimumVisualStudioVersion = 10.0.40219.1
Project("{FAE04EC0-301F-11D3-BF4B-00C04F79EFBC}") = "UnitTestExample", "UnitTestExample\UnitTestExample.csproj", "{5527972A-37FA-4571-8151-FF3EB2702268}"
EndProject
Project("{FAE04EC0-301F-11D3-BF4B-00C04F79EFBC}") = "MainModule", "MainModule\MainModule.csproj", "{AC8074D8-9A65-4A92-B3F2-557EEE263BF7}"
EndProject
Project("{FAE04EC0-301F-11D3-BF4B-00C04F79EFBC}") = "MainModule.Test", "MainModule.Test\MainModule.Test.csproj", "{BEE3E0A7-FCA5-4AAA-AA29-F77698DCC994}"
EndProject
Global
	GlobalSection(SolutionConfigurationPlatforms) = preSolution
		Debug|Any CPU = Debug|Any CPU
		Release|Any CPU = Release|Any CPU
	EndGlobalSection
	GlobalSection(ProjectConfigurationPlatforms) = postSolution
		{5527972A-37FA-4571-8151-FF3EB2702268}.Debug|Any CPU.ActiveCfg = Debug|Any CPU
		{5527972A-37FA-4571-8151-FF3EB2702268}.Debug|Any CPU.Build.0 = Debug|Any CPU
		{5527972A-37FA-4571-8151-FF3EB2702268}.Release|Any CPU.ActiveCfg = Release|Any CPU
		{5527972A-37FA-4571-8151-FF3EB2702268}.Release|Any CPU.Build.0 = Release|Any CPU
		{AC8074D8-9A65-4A92-B3F2-557EEE263BF7}.Debug|Any CPU.ActiveCfg = Debug|Any CPU
		{AC8074D8-9A65-4A92-B3F2-557EEE263BF7}.Debug|Any CPU.Build.0 = Debug|Any CPU
		{AC8074D8-9A65-4A92-B3F2-557EEE263BF7}.Release|Any CPU.ActiveCfg = Release|Any CPU
		{AC8074D8-9A65-4A92-B3F2-557EEE263BF7}.Release|Any CPU.Build.0 = Release|Any CPU
		{BEE3E0A7-FCA5-4AAA-AA29-F77698DCC994}.Debug|Any CPU.ActiveCfg = Debug|Any CPU
		{BEE3E0A7-FCA5-4AAA-AA29-F77698DCC994}.Debug|Any CPU.Build.0 = Debug|Any CPU
		{BEE3E0A7-FCA5-4AAA-AA29-F77698DCC994}.Release|Any CPU.ActiveCfg = Release|Any CPU
		{BEE3E0A7-FCA5-4AAA-AA29-F77698DCC994}.Release|Any CPU.Build.0 = Release|Any CPU
	EndGlobalSection
	GlobalSection(SolutionProperties) = preSolution
		HideSolutionNode = FALSE
	EndGlobalSection
EndGlobal
