
Microsoft Visual Studio Solution File, Format Version 12.00
# Visual Studio 2013
VisualStudioVersion = 12.0.30501.0
MinimumVisualStudioVersion = 10.0.40219.1
Project("{FAE04EC0-301F-11D3-BF4B-00C04F79EFBC}") = "MyMiniInstaller", "MyMiniInstaller\MyMiniInstaller.csproj", "{92167F3E-6C9F-4111-A416-5F6AC8A15155}"
EndProject
Project("{FAE04EC0-301F-11D3-BF4B-00C04F79EFBC}") = "MiniProgramm", "MiniProgramm\MiniProgramm.csproj", "{FC148E63-0905-40D2-82A7-112F6F58BDC9}"
EndProject
Project("{FAE04EC0-301F-11D3-BF4B-00C04F79EFBC}") = "MyMiniUnistaller", "MyMiniUnistaller\MyMiniUnistaller.csproj", "{5C998F15-9836-45F8-B6B1-FCDACF1DF46D}"
EndProject
Global
	GlobalSection(SolutionConfigurationPlatforms) = preSolution
		Debug|Any CPU = Debug|Any CPU
		Release|Any CPU = Release|Any CPU
	EndGlobalSection
	GlobalSection(ProjectConfigurationPlatforms) = postSolution
		{92167F3E-6C9F-4111-A416-5F6AC8A15155}.Debug|Any CPU.ActiveCfg = Debug|Any CPU
		{92167F3E-6C9F-4111-A416-5F6AC8A15155}.Debug|Any CPU.Build.0 = Debug|Any CPU
		{92167F3E-6C9F-4111-A416-5F6AC8A15155}.Release|Any CPU.ActiveCfg = Release|Any CPU
		{92167F3E-6C9F-4111-A416-5F6AC8A15155}.Release|Any CPU.Build.0 = Release|Any CPU
		{FC148E63-0905-40D2-82A7-112F6F58BDC9}.Debug|Any CPU.ActiveCfg = Debug|Any CPU
		{FC148E63-0905-40D2-82A7-112F6F58BDC9}.Debug|Any CPU.Build.0 = Debug|Any CPU
		{FC148E63-0905-40D2-82A7-112F6F58BDC9}.Release|Any CPU.ActiveCfg = Release|Any CPU
		{FC148E63-0905-40D2-82A7-112F6F58BDC9}.Release|Any CPU.Build.0 = Release|Any CPU
		{5C998F15-9836-45F8-B6B1-FCDACF1DF46D}.Debug|Any CPU.ActiveCfg = Debug|Any CPU
		{5C998F15-9836-45F8-B6B1-FCDACF1DF46D}.Debug|Any CPU.Build.0 = Debug|Any CPU
		{5C998F15-9836-45F8-B6B1-FCDACF1DF46D}.Release|Any CPU.ActiveCfg = Release|Any CPU
		{5C998F15-9836-45F8-B6B1-FCDACF1DF46D}.Release|Any CPU.Build.0 = Release|Any CPU
	EndGlobalSection
	GlobalSection(SolutionProperties) = preSolution
		HideSolutionNode = FALSE
	EndGlobalSection
EndGlobal
