
Microsoft Visual Studio Solution File, Format Version 12.00
# Visual Studio 2013
VisualStudioVersion = 12.0.30501.0
MinimumVisualStudioVersion = 10.0.40219.1
Project("{FAE04EC0-301F-11D3-BF4B-00C04F79EFBC}") = "ARM", "ARM\ARM.csproj", "{D68843BD-3D35-40C4-B3F8-1CC286D1E8BD}"
EndProject
Global
	GlobalSection(SolutionConfigurationPlatforms) = preSolution
		Debug|Any CPU = Debug|Any CPU
		Release|Any CPU = Release|Any CPU
	EndGlobalSection
	GlobalSection(ProjectConfigurationPlatforms) = postSolution
		{D68843BD-3D35-40C4-B3F8-1CC286D1E8BD}.Debug|Any CPU.ActiveCfg = Debug|Any CPU
		{D68843BD-3D35-40C4-B3F8-1CC286D1E8BD}.Debug|Any CPU.Build.0 = Debug|Any CPU
		{D68843BD-3D35-40C4-B3F8-1CC286D1E8BD}.Release|Any CPU.ActiveCfg = Release|Any CPU
		{D68843BD-3D35-40C4-B3F8-1CC286D1E8BD}.Release|Any CPU.Build.0 = Release|Any CPU
	EndGlobalSection
	GlobalSection(SolutionProperties) = preSolution
		HideSolutionNode = FALSE
	EndGlobalSection
EndGlobal
