
Microsoft Visual Studio Solution File, Format Version 12.00
# Visual Studio 2013
VisualStudioVersion = 12.0.30501.0
MinimumVisualStudioVersion = 10.0.40219.1
Project("{FAE04EC0-301F-11D3-BF4B-00C04F79EFBC}") = "ParentControlOfTheInternetOnALocalNetwork", "ParentControlOfTheInternetOnALocalNetwork\ParentControlOfTheInternetOnALocalNetwork.csproj", "{AB1FFD6A-2BD8-4472-84A6-3BC365D317E8}"
EndProject
Project("{FAE04EC0-301F-11D3-BF4B-00C04F79EFBC}") = "ClientParentControll", "ClientParentControll\ClientParentControll.csproj", "{F53342BC-62EE-4540-9A81-3CB60E858BB1}"
EndProject
Global
	GlobalSection(SolutionConfigurationPlatforms) = preSolution
		Debug|Any CPU = Debug|Any CPU
		Release|Any CPU = Release|Any CPU
	EndGlobalSection
	GlobalSection(ProjectConfigurationPlatforms) = postSolution
		{AB1FFD6A-2BD8-4472-84A6-3BC365D317E8}.Debug|Any CPU.ActiveCfg = Debug|Any CPU
		{AB1FFD6A-2BD8-4472-84A6-3BC365D317E8}.Debug|Any CPU.Build.0 = Debug|Any CPU
		{AB1FFD6A-2BD8-4472-84A6-3BC365D317E8}.Release|Any CPU.ActiveCfg = Release|Any CPU
		{AB1FFD6A-2BD8-4472-84A6-3BC365D317E8}.Release|Any CPU.Build.0 = Release|Any CPU
		{F53342BC-62EE-4540-9A81-3CB60E858BB1}.Debug|Any CPU.ActiveCfg = Debug|Any CPU
		{F53342BC-62EE-4540-9A81-3CB60E858BB1}.Debug|Any CPU.Build.0 = Debug|Any CPU
		{F53342BC-62EE-4540-9A81-3CB60E858BB1}.Release|Any CPU.ActiveCfg = Release|Any CPU
		{F53342BC-62EE-4540-9A81-3CB60E858BB1}.Release|Any CPU.Build.0 = Release|Any CPU
	EndGlobalSection
	GlobalSection(SolutionProperties) = preSolution
		HideSolutionNode = FALSE
	EndGlobalSection
EndGlobal
