
Microsoft Visual Studio Solution File, Format Version 12.00
# Visual Studio 2013
VisualStudioVersion = 12.0.30501.0
MinimumVisualStudioVersion = 10.0.40219.1
Project("{FAE04EC0-301F-11D3-BF4B-00C04F79EFBC}") = "InfiniteMilitaryService_v1.0", "InfiniteMilitaryService_v1.0\InfiniteMilitaryService_v1.0.csproj", "{ABDF137A-BD8C-4656-87B9-603A557DCA0A}"
EndProject
Global
	GlobalSection(SolutionConfigurationPlatforms) = preSolution
		Debug|Any CPU = Debug|Any CPU
		Release|Any CPU = Release|Any CPU
	EndGlobalSection
	GlobalSection(ProjectConfigurationPlatforms) = postSolution
		{ABDF137A-BD8C-4656-87B9-603A557DCA0A}.Debug|Any CPU.ActiveCfg = Debug|Any CPU
		{ABDF137A-BD8C-4656-87B9-603A557DCA0A}.Debug|Any CPU.Build.0 = Debug|Any CPU
		{ABDF137A-BD8C-4656-87B9-603A557DCA0A}.Release|Any CPU.ActiveCfg = Release|Any CPU
		{ABDF137A-BD8C-4656-87B9-603A557DCA0A}.Release|Any CPU.Build.0 = Release|Any CPU
	EndGlobalSection
	GlobalSection(SolutionProperties) = preSolution
		HideSolutionNode = FALSE
	EndGlobalSection
EndGlobal
